
Microsoft Visual Studio Solution File, Format Version 12.00
# Visual Studio Version 17
VisualStudioVersion = 17.13.35931.197 d17.13
MinimumVisualStudioVersion = 10.0.40219.1
Project("{FAE04EC0-301F-11D3-BF4B-00C04F79EFBC}") = "Vehicheck.API", "Vehicheck.API\Vehicheck.API.csproj", "{62E12CEA-796F-4D4F-A8CF-435AF81C7AB8}"
EndProject
Project("{FAE04EC0-301F-11D3-BF4B-00C04F79EFBC}") = "Vehicheck.Core", "Vehicheck.Core\Vehicheck.Core.csproj", "{369AADDC-13BF-4A63-9114-8D701295FE93}"
EndProject
Project("{FAE04EC0-301F-11D3-BF4B-00C04F79EFBC}") = "Vehicheck.Database", "Vehicheck.Database\Vehicheck.Database.csproj", "{70BF0A67-69F6-43B3-9928-EEF9C82A8675}"
EndProject
Project("{FAE04EC0-301F-11D3-BF4B-00C04F79EFBC}") = "Vehicheck.Infrastructure", "Vehicheck.Infrastructure\Vehicheck.Infrastructure.csproj", "{93D09036-2FBB-48E8-B8D6-396FFC09994E}"
EndProject
Global
	GlobalSection(SolutionConfigurationPlatforms) = preSolution
		Debug|Any CPU = Debug|Any CPU
		Release|Any CPU = Release|Any CPU
	EndGlobalSection
	GlobalSection(ProjectConfigurationPlatforms) = postSolution
		{62E12CEA-796F-4D4F-A8CF-435AF81C7AB8}.Debug|Any CPU.ActiveCfg = Debug|Any CPU
		{62E12CEA-796F-4D4F-A8CF-435AF81C7AB8}.Debug|Any CPU.Build.0 = Debug|Any CPU
		{62E12CEA-796F-4D4F-A8CF-435AF81C7AB8}.Release|Any CPU.ActiveCfg = Release|Any CPU
		{62E12CEA-796F-4D4F-A8CF-435AF81C7AB8}.Release|Any CPU.Build.0 = Release|Any CPU
		{369AADDC-13BF-4A63-9114-8D701295FE93}.Debug|Any CPU.ActiveCfg = Debug|Any CPU
		{369AADDC-13BF-4A63-9114-8D701295FE93}.Debug|Any CPU.Build.0 = Debug|Any CPU
		{369AADDC-13BF-4A63-9114-8D701295FE93}.Release|Any CPU.ActiveCfg = Release|Any CPU
		{369AADDC-13BF-4A63-9114-8D701295FE93}.Release|Any CPU.Build.0 = Release|Any CPU
		{70BF0A67-69F6-43B3-9928-EEF9C82A8675}.Debug|Any CPU.ActiveCfg = Debug|Any CPU
		{70BF0A67-69F6-43B3-9928-EEF9C82A8675}.Debug|Any CPU.Build.0 = Debug|Any CPU
		{70BF0A67-69F6-43B3-9928-EEF9C82A8675}.Release|Any CPU.ActiveCfg = Release|Any CPU
		{70BF0A67-69F6-43B3-9928-EEF9C82A8675}.Release|Any CPU.Build.0 = Release|Any CPU
		{93D09036-2FBB-48E8-B8D6-396FFC09994E}.Debug|Any CPU.ActiveCfg = Debug|Any CPU
		{93D09036-2FBB-48E8-B8D6-396FFC09994E}.Debug|Any CPU.Build.0 = Debug|Any CPU
		{93D09036-2FBB-48E8-B8D6-396FFC09994E}.Release|Any CPU.ActiveCfg = Release|Any CPU
		{93D09036-2FBB-48E8-B8D6-396FFC09994E}.Release|Any CPU.Build.0 = Release|Any CPU
	EndGlobalSection
	GlobalSection(SolutionProperties) = preSolution
		HideSolutionNode = FALSE
	EndGlobalSection
	GlobalSection(ExtensibilityGlobals) = postSolution
		SolutionGuid = {D24C7A28-7504-42FA-B82D-35F6327526A6}
	EndGlobalSection
EndGlobal
